// !$*UTF8*$!
{
	archiveVersion = 1;
	classes = {
	};
	objectVersion = 56;
	objects = {

/* Begin PBXBuildFile section */
		EF5A321B2E2E883100827D9B /* AppDelegate.swift in Sources */ = {isa = PBXBuildFile; fileRef = EF5A321A2E2E883100827D9B /* AppDelegate.swift */; };
		EF5A321D2E2E883100827D9B /* SceneDelegate.swift in Sources */ = {isa = PBXBuildFile; fileRef = EF5A321C2E2E883100827D9B /* SceneDelegate.swift */; };
		EF5A321F2E2E883100827D9B /* ViewController.swift in Sources */ = {isa = PBXBuildFile; fileRef = EF5A321E2E2E883100827D9B /* ViewController.swift */; };
		EF5A32222E2E883100827D9B /* Main.storyboard in Resources */ = {isa = PBXBuildFile; fileRef = EF5A32202E2E883100827D9B /* Main.storyboard */; };
		EF5A32252E2E883100827D9B /* Move.xcdatamodeld in Sources */ = {isa = PBXBuildFile; fileRef = EF5A32232E2E883100827D9B /* Move.xcdatamodeld */; };
		EF5A32272E2E883300827D9B /* Assets.xcassets in Resources */ = {isa = PBXBuildFile; fileRef = EF5A32262E2E883300827D9B /* Assets.xcassets */; };
		EF5A322A2E2E883300827D9B /* LaunchScreen.storyboard in Resources */ = {isa = PBXBuildFile; fileRef = EF5A32282E2E883300827D9B /* LaunchScreen.storyboard */; };
		EF5A32352E2E883300827D9B /* MoveTests.swift in Sources */ = {isa = PBXBuildFile; fileRef = EF5A32342E2E883300827D9B /* MoveTests.swift */; };
		EF5A323F2E2E883400827D9B /* MoveUITests.swift in Sources */ = {isa = PBXBuildFile; fileRef = EF5A323E2E2E883400827D9B /* MoveUITests.swift */; };
		EF5A32412E2E883400827D9B /* MoveUITestsLaunchTests.swift in Sources */ = {isa = PBXBuildFile; fileRef = EF5A32402E2E883400827D9B /* MoveUITestsLaunchTests.swift */; };
		EF5A32552E2E90D300827D9B /* Movie.swift in Sources */ = {isa = PBXBuildFile; fileRef = EF5A32542E2E90D300827D9B /* Movie.swift */; };
		EF5A32572E2E913B00827D9B /* APIService.swift in Sources */ = {isa = PBXBuildFile; fileRef = EF5A32562E2E913B00827D9B /* APIService.swift */; };
		EF5A32592E2E917C00827D9B /* MovieResponse.swift in Sources */ = {isa = PBXBuildFile; fileRef = EF5A32582E2E917C00827D9B /* MovieResponse.swift */; };
		EF5A325C2E2E91D800827D9B /* MovieListViewModel.swift in Sources */ = {isa = PBXBuildFile; fileRef = EF5A325B2E2E91D800827D9B /* MovieListViewModel.swift */; };
		EF5A325E2E2E92D900827D9B /* MovieListViewController.swift in Sources */ = {isa = PBXBuildFile; fileRef = EF5A325D2E2E92D900827D9B /* MovieListViewController.swift */; };
		EF5A32602E2E937100827D9B /* MovieCell.swift in Sources */ = {isa = PBXBuildFile; fileRef = EF5A325F2E2E937100827D9B /* MovieCell.swift */; };
		EF5A32632E2E9A3600827D9B /* Kingfisher in Frameworks */ = {isa = PBXBuildFile; productRef = EF5A32622E2E9A3600827D9B /* Kingfisher */; };
		EFA83C0A2E2EA9F500A9AB00 /* MovieDetailsViewController.swift in Sources */ = {isa = PBXBuildFile; fileRef = EFA83C092E2EA9F500A9AB00 /* MovieDetailsViewController.swift */; };
		EFA83C0D2E2EB02500A9AB00 /* MovieCacheManager.swift in Sources */ = {isa = PBXBuildFile; fileRef = EFA83C0C2E2EB02500A9AB00 /* MovieCacheManager.swift */; };
		EFA83C102E2ECB5F00A9AB00 /* FavoriteManager.swift in Sources */ = {isa = PBXBuildFile; fileRef = EFA83C0F2E2ECB5F00A9AB00 /* FavoriteManager.swift */; };
		EFA83C122E2EF32F00A9AB00 /* MovieAPIServiceProtocol.swift in Sources */ = {isa = PBXBuildFile; fileRef = EFA83C112E2EF32F00A9AB00 /* MovieAPIServiceProtocol.swift */; };
		EFA83C142E2EF35B00A9AB00 /* MovieCacheManagerProtocol.swift in Sources */ = {isa = PBXBuildFile; fileRef = EFA83C132E2EF35B00A9AB00 /* MovieCacheManagerProtocol.swift */; };
		EFA83C162E2F01ED00A9AB00 /* MockAPIService.swift in Sources */ = {isa = PBXBuildFile; fileRef = EFA83C152E2F01ED00A9AB00 /* MockAPIService.swift */; };
		EFA83C182E2F025D00A9AB00 /* MockCacheManager.swift in Sources */ = {isa = PBXBuildFile; fileRef = EFA83C172E2F025D00A9AB00 /* MockCacheManager.swift */; };
		EFA83C1A2E2F02B100A9AB00 /* MovieListViewModelTests.swift in Sources */ = {isa = PBXBuildFile; fileRef = EFA83C192E2F02B100A9AB00 /* MovieListViewModelTests.swift */; };
		EFB32C962E30058000AE016F /* WelcomeViewController.swift in Sources */ = {isa = PBXBuildFile; fileRef = EFB32C952E30058000AE016F /* WelcomeViewController.swift */; };
/* End PBXBuildFile section */

/* Begin PBXContainerItemProxy section */
		EF5A32312E2E883300827D9B /* PBXContainerItemProxy */ = {
			isa = PBXContainerItemProxy;
			containerPortal = EF5A320F2E2E883100827D9B /* Project object */;
			proxyType = 1;
			remoteGlobalIDString = EF5A32162E2E883100827D9B;
			remoteInfo = Move;
		};
		EF5A323B2E2E883400827D9B /* PBXContainerItemProxy */ = {
			isa = PBXContainerItemProxy;
			containerPortal = EF5A320F2E2E883100827D9B /* Project object */;
			proxyType = 1;
			remoteGlobalIDString = EF5A32162E2E883100827D9B;
			remoteInfo = Move;
		};
/* End PBXContainerItemProxy section */

/* Begin PBXFileReference section */
		EF5A32172E2E883100827D9B /* Move.app */ = {isa = PBXFileReference; explicitFileType = wrapper.application; includeInIndex = 0; path = Move.app; sourceTree = BUILT_PRODUCTS_DIR; };
		EF5A321A2E2E883100827D9B /* AppDelegate.swift */ = {isa = PBXFileReference; lastKnownFileType = sourcecode.swift; path = AppDelegate.swift; sourceTree = "<group>"; };
		EF5A321C2E2E883100827D9B /* SceneDelegate.swift */ = {isa = PBXFileReference; lastKnownFileType = sourcecode.swift; path = SceneDelegate.swift; sourceTree = "<group>"; };
		EF5A321E2E2E883100827D9B /* ViewController.swift */ = {isa = PBXFileReference; lastKnownFileType = sourcecode.swift; path = ViewController.swift; sourceTree = "<group>"; };
		EF5A32212E2E883100827D9B /* Base */ = {isa = PBXFileReference; lastKnownFileType = file.storyboard; name = Base; path = Base.lproj/Main.storyboard; sourceTree = "<group>"; };
		EF5A32242E2E883100827D9B /* Move.xcdatamodel */ = {isa = PBXFileReference; lastKnownFileType = wrapper.xcdatamodel; path = Move.xcdatamodel; sourceTree = "<group>"; };
		EF5A32262E2E883300827D9B /* Assets.xcassets */ = {isa = PBXFileReference; lastKnownFileType = folder.assetcatalog; path = Assets.xcassets; sourceTree = "<group>"; };
		EF5A32292E2E883300827D9B /* Base */ = {isa = PBXFileReference; lastKnownFileType = file.storyboard; name = Base; path = Base.lproj/LaunchScreen.storyboard; sourceTree = "<group>"; };
		EF5A322B2E2E883300827D9B /* Info.plist */ = {isa = PBXFileReference; lastKnownFileType = text.plist.xml; path = Info.plist; sourceTree = "<group>"; };
		EF5A32302E2E883300827D9B /* MoveTests.xctest */ = {isa = PBXFileReference; explicitFileType = wrapper.cfbundle; includeInIndex = 0; path = MoveTests.xctest; sourceTree = BUILT_PRODUCTS_DIR; };
		EF5A32342E2E883300827D9B /* MoveTests.swift */ = {isa = PBXFileReference; lastKnownFileType = sourcecode.swift; path = MoveTests.swift; sourceTree = "<group>"; };
		EF5A323A2E2E883400827D9B /* MoveUITests.xctest */ = {isa = PBXFileReference; explicitFileType = wrapper.cfbundle; includeInIndex = 0; path = MoveUITests.xctest; sourceTree = BUILT_PRODUCTS_DIR; };
		EF5A323E2E2E883400827D9B /* MoveUITests.swift */ = {isa = PBXFileReference; lastKnownFileType = sourcecode.swift; path = MoveUITests.swift; sourceTree = "<group>"; };
		EF5A32402E2E883400827D9B /* MoveUITestsLaunchTests.swift */ = {isa = PBXFileReference; lastKnownFileType = sourcecode.swift; path = MoveUITestsLaunchTests.swift; sourceTree = "<group>"; };
		EF5A32542E2E90D300827D9B /* Movie.swift */ = {isa = PBXFileReference; lastKnownFileType = sourcecode.swift; path = Movie.swift; sourceTree = "<group>"; };
		EF5A32562E2E913B00827D9B /* APIService.swift */ = {isa = PBXFileReference; lastKnownFileType = sourcecode.swift; path = APIService.swift; sourceTree = "<group>"; };
		EF5A32582E2E917C00827D9B /* MovieResponse.swift */ = {isa = PBXFileReference; lastKnownFileType = sourcecode.swift; path = MovieResponse.swift; sourceTree = "<group>"; };
		EF5A325B2E2E91D800827D9B /* MovieListViewModel.swift */ = {isa = PBXFileReference; lastKnownFileType = sourcecode.swift; path = MovieListViewModel.swift; sourceTree = "<group>"; };
		EF5A325D2E2E92D900827D9B /* MovieListViewController.swift */ = {isa = PBXFileReference; lastKnownFileType = sourcecode.swift; path = MovieListViewController.swift; sourceTree = "<group>"; };
		EF5A325F2E2E937100827D9B /* MovieCell.swift */ = {isa = PBXFileReference; lastKnownFileType = sourcecode.swift; path = MovieCell.swift; sourceTree = "<group>"; };
		EFA83C092E2EA9F500A9AB00 /* MovieDetailsViewController.swift */ = {isa = PBXFileReference; lastKnownFileType = sourcecode.swift; path = MovieDetailsViewController.swift; sourceTree = "<group>"; };
		EFA83C0C2E2EB02500A9AB00 /* MovieCacheManager.swift */ = {isa = PBXFileReference; lastKnownFileType = sourcecode.swift; path = MovieCacheManager.swift; sourceTree = "<group>"; };
		EFA83C0F2E2ECB5F00A9AB00 /* FavoriteManager.swift */ = {isa = PBXFileReference; lastKnownFileType = sourcecode.swift; path = FavoriteManager.swift; sourceTree = "<group>"; };
		EFA83C112E2EF32F00A9AB00 /* MovieAPIServiceProtocol.swift */ = {isa = PBXFileReference; lastKnownFileType = sourcecode.swift; path = MovieAPIServiceProtocol.swift; sourceTree = "<group>"; };
		EFA83C132E2EF35B00A9AB00 /* MovieCacheManagerProtocol.swift */ = {isa = PBXFileReference; lastKnownFileType = sourcecode.swift; path = MovieCacheManagerProtocol.swift; sourceTree = "<group>"; };
		EFA83C152E2F01ED00A9AB00 /* MockAPIService.swift */ = {isa = PBXFileReference; lastKnownFileType = sourcecode.swift; path = MockAPIService.swift; sourceTree = "<group>"; };
		EFA83C172E2F025D00A9AB00 /* MockCacheManager.swift */ = {isa = PBXFileReference; lastKnownFileType = sourcecode.swift; path = MockCacheManager.swift; sourceTree = "<group>"; };
		EFA83C192E2F02B100A9AB00 /* MovieListViewModelTests.swift */ = {isa = PBXFileReference; lastKnownFileType = sourcecode.swift; path = MovieListViewModelTests.swift; sourceTree = "<group>"; };
		EFB32C952E30058000AE016F /* WelcomeViewController.swift */ = {isa = PBXFileReference; lastKnownFileType = sourcecode.swift; path = WelcomeViewController.swift; sourceTree = "<group>"; };
/* End PBXFileReference section */

/* Begin PBXFrameworksBuildPhase section */
		EF5A32142E2E883100827D9B /* Frameworks */ = {
			isa = PBXFrameworksBuildPhase;
			buildActionMask = 2147483647;
			files = (
				EF5A32632E2E9A3600827D9B /* Kingfisher in Frameworks */,
			);
			runOnlyForDeploymentPostprocessing = 0;
		};
		EF5A322D2E2E883300827D9B /* Frameworks */ = {
			isa = PBXFrameworksBuildPhase;
			buildActionMask = 2147483647;
			files = (
			);
			runOnlyForDeploymentPostprocessing = 0;
		};
		EF5A32372E2E883400827D9B /* Frameworks */ = {
			isa = PBXFrameworksBuildPhase;
			buildActionMask = 2147483647;
			files = (
			);
			runOnlyForDeploymentPostprocessing = 0;
		};
/* End PBXFrameworksBuildPhase section */

/* Begin PBXGroup section */
		EF5A320E2E2E883100827D9B = {
			isa = PBXGroup;
			children = (
				EF5A32192E2E883100827D9B /* Move */,
				EF5A32332E2E883300827D9B /* MoveTests */,
				EF5A323D2E2E883400827D9B /* MoveUITests */,
				EF5A32182E2E883100827D9B /* Products */,
			);
			sourceTree = "<group>";
		};
		EF5A32182E2E883100827D9B /* Products */ = {
			isa = PBXGroup;
			children = (
				EF5A32172E2E883100827D9B /* Move.app */,
				EF5A32302E2E883300827D9B /* MoveTests.xctest */,
				EF5A323A2E2E883400827D9B /* MoveUITests.xctest */,
			);
			name = Products;
			sourceTree = "<group>";
		};
		EF5A32192E2E883100827D9B /* Move */ = {
			isa = PBXGroup;
			children = (
				EFA83C0E2E2ECB0900A9AB00 /* Managers */,
				EFA83C0B2E2EAFC000A9AB00 /* Data */,
				EF5A32532E2E8A3700827D9B /* Views */,
				EF5A32522E2E89FF00827D9B /* Utitlies */,
				EF5A324F2E2E898900827D9B /* Models */,
				EF5A324E2E2E895C00827D9B /* Resources */,
				EF5A324D2E2E893400827D9B /* App */,
				EF5A321E2E2E883100827D9B /* ViewController.swift */,
				EF5A32202E2E883100827D9B /* Main.storyboard */,
				EF5A322B2E2E883300827D9B /* Info.plist */,
				EF5A32232E2E883100827D9B /* Move.xcdatamodeld */,
			);
			path = Move;
			sourceTree = "<group>";
		};
		EF5A32332E2E883300827D9B /* MoveTests */ = {
			isa = PBXGroup;
			children = (
				EF5A32342E2E883300827D9B /* MoveTests.swift */,
				EFA83C152E2F01ED00A9AB00 /* MockAPIService.swift */,
				EFA83C172E2F025D00A9AB00 /* MockCacheManager.swift */,
				EFA83C192E2F02B100A9AB00 /* MovieListViewModelTests.swift */,
			);
			path = MoveTests;
			sourceTree = "<group>";
		};
		EF5A323D2E2E883400827D9B /* MoveUITests */ = {
			isa = PBXGroup;
			children = (
				EF5A323E2E2E883400827D9B /* MoveUITests.swift */,
				EF5A32402E2E883400827D9B /* MoveUITestsLaunchTests.swift */,
			);
			path = MoveUITests;
			sourceTree = "<group>";
		};
		EF5A324D2E2E893400827D9B /* App */ = {
			isa = PBXGroup;
			children = (
				EF5A321C2E2E883100827D9B /* SceneDelegate.swift */,
				EF5A321A2E2E883100827D9B /* AppDelegate.swift */,
			);
			path = App;
			sourceTree = "<group>";
		};
		EF5A324E2E2E895C00827D9B /* Resources */ = {
			isa = PBXGroup;
			children = (
				EF5A32262E2E883300827D9B /* Assets.xcassets */,
				EF5A32282E2E883300827D9B /* LaunchScreen.storyboard */,
			);
			path = Resources;
			sourceTree = "<group>";
		};
		EF5A324F2E2E898900827D9B /* Models */ = {
			isa = PBXGroup;
			children = (
				EF5A32542E2E90D300827D9B /* Movie.swift */,
				EF5A32582E2E917C00827D9B /* MovieResponse.swift */,
			);
			path = Models;
			sourceTree = "<group>";
		};
		EF5A32502E2E89A900827D9B /* Network */ = {
			isa = PBXGroup;
			children = (
				EF5A32562E2E913B00827D9B /* APIService.swift */,
				EFA83C112E2EF32F00A9AB00 /* MovieAPIServiceProtocol.swift */,
			);
			path = Network;
			sourceTree = "<group>";
		};
		EF5A32512E2E89DD00827D9B /* Cashing */ = {
			isa = PBXGroup;
			children = (
				EFA83C0C2E2EB02500A9AB00 /* MovieCacheManager.swift */,
				EFA83C132E2EF35B00A9AB00 /* MovieCacheManagerProtocol.swift */,
			);
			path = Cashing;
			sourceTree = "<group>";
		};
		EF5A32522E2E89FF00827D9B /* Utitlies */ = {
			isa = PBXGroup;
			children = (
			);
			path = Utitlies;
			sourceTree = "<group>";
		};
		EF5A32532E2E8A3700827D9B /* Views */ = {
			isa = PBXGroup;
			children = (
				EFB32C942E30056500AE016F /* Home */,
				EFA83C082E2EA99400A9AB00 /* MovieDetails */,
				EF5A325A2E2E91A900827D9B /* MovieList */,
			);
			path = Views;
			sourceTree = "<group>";
		};
		EF5A325A2E2E91A900827D9B /* MovieList */ = {
			isa = PBXGroup;
			children = (
				EF5A325B2E2E91D800827D9B /* MovieListViewModel.swift */,
				EF5A325D2E2E92D900827D9B /* MovieListViewController.swift */,
				EF5A325F2E2E937100827D9B /* MovieCell.swift */,
			);
			path = MovieList;
			sourceTree = "<group>";
		};
		EFA83C082E2EA99400A9AB00 /* MovieDetails */ = {
			isa = PBXGroup;
			children = (
				EFA83C092E2EA9F500A9AB00 /* MovieDetailsViewController.swift */,
			);
			path = MovieDetails;
			sourceTree = "<group>";
		};
		EFA83C0B2E2EAFC000A9AB00 /* Data */ = {
			isa = PBXGroup;
			children = (
				EF5A32502E2E89A900827D9B /* Network */,
				EF5A32512E2E89DD00827D9B /* Cashing */,
			);
			path = Data;
			sourceTree = "<group>";
		};
		EFA83C0E2E2ECB0900A9AB00 /* Managers */ = {
			isa = PBXGroup;
			children = (
				EFA83C0F2E2ECB5F00A9AB00 /* FavoriteManager.swift */,
			);
			path = Managers;
			sourceTree = "<group>";
		};
		EFB32C942E30056500AE016F /* Home */ = {
			isa = PBXGroup;
			children = (
				EFB32C952E30058000AE016F /* WelcomeViewController.swift */,
			);
			path = Home;
			sourceTree = "<group>";
		};
/* End PBXGroup section */

/* Begin PBXNativeTarget section */
		EF5A32162E2E883100827D9B /* Move */ = {
			isa = PBXNativeTarget;
			buildConfigurationList = EF5A32442E2E883400827D9B /* Build configuration list for PBXNativeTarget "Move" */;
			buildPhases = (
				EF5A32132E2E883100827D9B /* Sources */,
				EF5A32142E2E883100827D9B /* Frameworks */,
				EF5A32152E2E883100827D9B /* Resources */,
			);
			buildRules = (
			);
			dependencies = (
			);
			name = Move;
			packageProductDependencies = (
				EF5A32622E2E9A3600827D9B /* Kingfisher */,
			);
			productName = Move;
			productReference = EF5A32172E2E883100827D9B /* Move.app */;
			productType = "com.apple.product-type.application";
		};
		EF5A322F2E2E883300827D9B /* MoveTests */ = {
			isa = PBXNativeTarget;
			buildConfigurationList = EF5A32472E2E883400827D9B /* Build configuration list for PBXNativeTarget "MoveTests" */;
			buildPhases = (
				EF5A322C2E2E883300827D9B /* Sources */,
				EF5A322D2E2E883300827D9B /* Frameworks */,
				EF5A322E2E2E883300827D9B /* Resources */,
			);
			buildRules = (
			);
			dependencies = (
				EF5A32322E2E883300827D9B /* PBXTargetDependency */,
			);
			name = MoveTests;
			productName = MoveTests;
			productReference = EF5A32302E2E883300827D9B /* MoveTests.xctest */;
			productType = "com.apple.product-type.bundle.unit-test";
		};
		EF5A32392E2E883400827D9B /* MoveUITests */ = {
			isa = PBXNativeTarget;
			buildConfigurationList = EF5A324A2E2E883400827D9B /* Build configuration list for PBXNativeTarget "MoveUITests" */;
			buildPhases = (
				EF5A32362E2E883400827D9B /* Sources */,
				EF5A32372E2E883400827D9B /* Frameworks */,
				EF5A32382E2E883400827D9B /* Resources */,
			);
			buildRules = (
			);
			dependencies = (
				EF5A323C2E2E883400827D9B /* PBXTargetDependency */,
			);
			name = MoveUITests;
			productName = MoveUITests;
			productReference = EF5A323A2E2E883400827D9B /* MoveUITests.xctest */;
			productType = "com.apple.product-type.bundle.ui-testing";
		};
/* End PBXNativeTarget section */

/* Begin PBXProject section */
		EF5A320F2E2E883100827D9B /* Project object */ = {
			isa = PBXProject;
			attributes = {
				BuildIndependentTargetsInParallel = 1;
				LastSwiftUpdateCheck = 1420;
				LastUpgradeCheck = 1420;
				TargetAttributes = {
					EF5A32162E2E883100827D9B = {
						CreatedOnToolsVersion = 14.2;
					};
					EF5A322F2E2E883300827D9B = {
						CreatedOnToolsVersion = 14.2;
						TestTargetID = EF5A32162E2E883100827D9B;
					};
					EF5A32392E2E883400827D9B = {
						CreatedOnToolsVersion = 14.2;
						TestTargetID = EF5A32162E2E883100827D9B;
					};
				};
			};
			buildConfigurationList = EF5A32122E2E883100827D9B /* Build configuration list for PBXProject "Move" */;
			compatibilityVersion = "Xcode 14.0";
			developmentRegion = en;
			hasScannedForEncodings = 0;
			knownRegions = (
				en,
				Base,
			);
			mainGroup = EF5A320E2E2E883100827D9B;
			packageReferences = (
				EF5A32612E2E9A3600827D9B /* XCRemoteSwiftPackageReference "Kingfisher" */,
			);
			productRefGroup = EF5A32182E2E883100827D9B /* Products */;
			projectDirPath = "";
			projectRoot = "";
			targets = (
				EF5A32162E2E883100827D9B /* Move */,
				EF5A322F2E2E883300827D9B /* MoveTests */,
				EF5A32392E2E883400827D9B /* MoveUITests */,
			);
		};
/* End PBXProject section */

/* Begin PBXResourcesBuildPhase section */
		EF5A32152E2E883100827D9B /* Resources */ = {
			isa = PBXResourcesBuildPhase;
			buildActionMask = 2147483647;
			files = (
				EF5A322A2E2E883300827D9B /* LaunchScreen.storyboard in Resources */,
				EF5A32272E2E883300827D9B /* Assets.xcassets in Resources */,
				EF5A32222E2E883100827D9B /* Main.storyboard in Resources */,
			);
			runOnlyForDeploymentPostprocessing = 0;
		};
		EF5A322E2E2E883300827D9B /* Resources */ = {
			isa = PBXResourcesBuildPhase;
			buildActionMask = 2147483647;
			files = (
			);
			runOnlyForDeploymentPostprocessing = 0;
		};
		EF5A32382E2E883400827D9B /* Resources */ = {
			isa = PBXResourcesBuildPhase;
			buildActionMask = 2147483647;
			files = (
			);
			runOnlyForDeploymentPostprocessing = 0;
		};
/* End PBXResourcesBuildPhase section */

/* Begin PBXSourcesBuildPhase section */
		EF5A32132E2E883100827D9B /* Sources */ = {
			isa = PBXSourcesBuildPhase;
			buildActionMask = 2147483647;
			files = (
				EFA83C142E2EF35B00A9AB00 /* MovieCacheManagerProtocol.swift in Sources */,
				EFB32C962E30058000AE016F /* WelcomeViewController.swift in Sources */,
				EF5A32592E2E917C00827D9B /* MovieResponse.swift in Sources */,
				EFA83C0D2E2EB02500A9AB00 /* MovieCacheManager.swift in Sources */,
				EF5A32252E2E883100827D9B /* Move.xcdatamodeld in Sources */,
				EF5A321F2E2E883100827D9B /* ViewController.swift in Sources */,
				EF5A325C2E2E91D800827D9B /* MovieListViewModel.swift in Sources */,
				EFA83C122E2EF32F00A9AB00 /* MovieAPIServiceProtocol.swift in Sources */,
				EF5A321B2E2E883100827D9B /* AppDelegate.swift in Sources */,
				EFA83C0A2E2EA9F500A9AB00 /* MovieDetailsViewController.swift in Sources */,
				EF5A321D2E2E883100827D9B /* SceneDelegate.swift in Sources */,
				EF5A325E2E2E92D900827D9B /* MovieListViewController.swift in Sources */,
				EF5A32572E2E913B00827D9B /* APIService.swift in Sources */,
				EFA83C102E2ECB5F00A9AB00 /* FavoriteManager.swift in Sources */,
				EF5A32602E2E937100827D9B /* MovieCell.swift in Sources */,
				EF5A32552E2E90D300827D9B /* Movie.swift in Sources */,
			);
			runOnlyForDeploymentPostprocessing = 0;
		};
		EF5A322C2E2E883300827D9B /* Sources */ = {
			isa = PBXSourcesBuildPhase;
			buildActionMask = 2147483647;
			files = (
				EFA83C162E2F01ED00A9AB00 /* MockAPIService.swift in Sources */,
				EFA83C182E2F025D00A9AB00 /* MockCacheManager.swift in Sources */,
				EF5A32352E2E883300827D9B /* MoveTests.swift in Sources */,
				EFA83C1A2E2F02B100A9AB00 /* MovieListViewModelTests.swift in Sources */,
			);
			runOnlyForDeploymentPostprocessing = 0;
		};
		EF5A32362E2E883400827D9B /* Sources */ = {
			isa = PBXSourcesBuildPhase;
			buildActionMask = 2147483647;
			files = (
				EF5A323F2E2E883400827D9B /* MoveUITests.swift in Sources */,
				EF5A32412E2E883400827D9B /* MoveUITestsLaunchTests.swift in Sources */,
			);
			runOnlyForDeploymentPostprocessing = 0;
		};
/* End PBXSourcesBuildPhase section */

/* Begin PBXTargetDependency section */
		EF5A32322E2E883300827D9B /* PBXTargetDependency */ = {
			isa = PBXTargetDependency;
			target = EF5A32162E2E883100827D9B /* Move */;
			targetProxy = EF5A32312E2E883300827D9B /* PBXContainerItemProxy */;
		};
		EF5A323C2E2E883400827D9B /* PBXTargetDependency */ = {
			isa = PBXTargetDependency;
			target = EF5A32162E2E883100827D9B /* Move */;
			targetProxy = EF5A323B2E2E883400827D9B /* PBXContainerItemProxy */;
		};
/* End PBXTargetDependency section */

/* Begin PBXVariantGroup section */
		EF5A32202E2E883100827D9B /* Main.storyboard */ = {
			isa = PBXVariantGroup;
			children = (
				EF5A32212E2E883100827D9B /* Base */,
			);
			name = Main.storyboard;
			sourceTree = "<group>";
		};
		EF5A32282E2E883300827D9B /* LaunchScreen.storyboard */ = {
			isa = PBXVariantGroup;
			children = (
				EF5A32292E2E883300827D9B /* Base */,
			);
			name = LaunchScreen.storyboard;
			sourceTree = "<group>";
		};
/* End PBXVariantGroup section */

/* Begin XCBuildConfiguration section */
		EF5A32422E2E883400827D9B /* Debug */ = {
			isa = XCBuildConfiguration;
			buildSettings = {
				ALWAYS_SEARCH_USER_PATHS = NO;
				CLANG_ANALYZER_NONNULL = YES;
				CLANG_ANALYZER_NUMBER_OBJECT_CONVERSION = YES_AGGRESSIVE;
				CLANG_CXX_LANGUAGE_STANDARD = "gnu++20";
				CLANG_ENABLE_MODULES = YES;
				CLANG_ENABLE_OBJC_ARC = YES;
				CLANG_ENABLE_OBJC_WEAK = YES;
				CLANG_WARN_BLOCK_CAPTURE_AUTORELEASING = YES;
				CLANG_WARN_BOOL_CONVERSION = YES;
				CLANG_WARN_COMMA = YES;
				CLANG_WARN_CONSTANT_CONVERSION = YES;
				CLANG_WARN_DEPRECATED_OBJC_IMPLEMENTATIONS = YES;
				CLANG_WARN_DIRECT_OBJC_ISA_USAGE = YES_ERROR;
				CLANG_WARN_DOCUMENTATION_COMMENTS = YES;
				CLANG_WARN_EMPTY_BODY = YES;
				CLANG_WARN_ENUM_CONVERSION = YES;
				CLANG_WARN_INFINITE_RECURSION = YES;
				CLANG_WARN_INT_CONVERSION = YES;
				CLANG_WARN_NON_LITERAL_NULL_CONVERSION = YES;
				CLANG_WARN_OBJC_IMPLICIT_RETAIN_SELF = YES;
				CLANG_WARN_OBJC_LITERAL_CONVERSION = YES;
				CLANG_WARN_OBJC_ROOT_CLASS = YES_ERROR;
				CLANG_WARN_QUOTED_INCLUDE_IN_FRAMEWORK_HEADER = YES;
				CLANG_WARN_RANGE_LOOP_ANALYSIS = YES;
				CLANG_WARN_STRICT_PROTOTYPES = YES;
				CLANG_WARN_SUSPICIOUS_MOVE = YES;
				CLANG_WARN_UNGUARDED_AVAILABILITY = YES_AGGRESSIVE;
				CLANG_WARN_UNREACHABLE_CODE = YES;
				CLANG_WARN__DUPLICATE_METHOD_MATCH = YES;
				COPY_PHASE_STRIP = NO;
				DEBUG_INFORMATION_FORMAT = dwarf;
				ENABLE_STRICT_OBJC_MSGSEND = YES;
				ENABLE_TESTABILITY = YES;
				GCC_C_LANGUAGE_STANDARD = gnu11;
				GCC_DYNAMIC_NO_PIC = NO;
				GCC_NO_COMMON_BLOCKS = YES;
				GCC_OPTIMIZATION_LEVEL = 0;
				GCC_PREPROCESSOR_DEFINITIONS = (
					"DEBUG=1",
					"$(inherited)",
				);
				GCC_WARN_64_TO_32_BIT_CONVERSION = YES;
				GCC_WARN_ABOUT_RETURN_TYPE = YES_ERROR;
				GCC_WARN_UNDECLARED_SELECTOR = YES;
				GCC_WARN_UNINITIALIZED_AUTOS = YES_AGGRESSIVE;
				GCC_WARN_UNUSED_FUNCTION = YES;
				GCC_WARN_UNUSED_VARIABLE = YES;
				IPHONEOS_DEPLOYMENT_TARGET = 16.2;
				MTL_ENABLE_DEBUG_INFO = INCLUDE_SOURCE;
				MTL_FAST_MATH = YES;
				ONLY_ACTIVE_ARCH = YES;
				SDKROOT = iphoneos;
				SWIFT_ACTIVE_COMPILATION_CONDITIONS = DEBUG;
				SWIFT_OPTIMIZATION_LEVEL = "-Onone";
			};
			name = Debug;
		};
		EF5A32432E2E883400827D9B /* Release */ = {
			isa = XCBuildConfiguration;
			buildSettings = {
				ALWAYS_SEARCH_USER_PATHS = NO;
				CLANG_ANALYZER_NONNULL = YES;
				CLANG_ANALYZER_NUMBER_OBJECT_CONVERSION = YES_AGGRESSIVE;
				CLANG_CXX_LANGUAGE_STANDARD = "gnu++20";
				CLANG_ENABLE_MODULES = YES;
				CLANG_ENABLE_OBJC_ARC = YES;
				CLANG_ENABLE_OBJC_WEAK = YES;
				CLANG_WARN_BLOCK_CAPTURE_AUTORELEASING = YES;
				CLANG_WARN_BOOL_CONVERSION = YES;
				CLANG_WARN_COMMA = YES;
				CLANG_WARN_CONSTANT_CONVERSION = YES;
				CLANG_WARN_DEPRECATED_OBJC_IMPLEMENTATIONS = YES;
				CLANG_WARN_DIRECT_OBJC_ISA_USAGE = YES_ERROR;
				CLANG_WARN_DOCUMENTATION_COMMENTS = YES;
				CLANG_WARN_EMPTY_BODY = YES;
				CLANG_WARN_ENUM_CONVERSION = YES;
				CLANG_WARN_INFINITE_RECURSION = YES;
				CLANG_WARN_INT_CONVERSION = YES;
				CLANG_WARN_NON_LITERAL_NULL_CONVERSION = YES;
				CLANG_WARN_OBJC_IMPLICIT_RETAIN_SELF = YES;
				CLANG_WARN_OBJC_LITERAL_CONVERSION = YES;
				CLANG_WARN_OBJC_ROOT_CLASS = YES_ERROR;
				CLANG_WARN_QUOTED_INCLUDE_IN_FRAMEWORK_HEADER = YES;
				CLANG_WARN_RANGE_LOOP_ANALYSIS = YES;
				CLANG_WARN_STRICT_PROTOTYPES = YES;
				CLANG_WARN_SUSPICIOUS_MOVE = YES;
				CLANG_WARN_UNGUARDED_AVAILABILITY = YES_AGGRESSIVE;
				CLANG_WARN_UNREACHABLE_CODE = YES;
				CLANG_WARN__DUPLICATE_METHOD_MATCH = YES;
				COPY_PHASE_STRIP = NO;
				DEBUG_INFORMATION_FORMAT = "dwarf-with-dsym";
				ENABLE_NS_ASSERTIONS = NO;
				ENABLE_STRICT_OBJC_MSGSEND = YES;
				GCC_C_LANGUAGE_STANDARD = gnu11;
				GCC_NO_COMMON_BLOCKS = YES;
				GCC_WARN_64_TO_32_BIT_CONVERSION = YES;
				GCC_WARN_ABOUT_RETURN_TYPE = YES_ERROR;
				GCC_WARN_UNDECLARED_SELECTOR = YES;
				GCC_WARN_UNINITIALIZED_AUTOS = YES_AGGRESSIVE;
				GCC_WARN_UNUSED_FUNCTION = YES;
				GCC_WARN_UNUSED_VARIABLE = YES;
				IPHONEOS_DEPLOYMENT_TARGET = 16.2;
				MTL_ENABLE_DEBUG_INFO = NO;
				MTL_FAST_MATH = YES;
				SDKROOT = iphoneos;
				SWIFT_COMPILATION_MODE = wholemodule;
				SWIFT_OPTIMIZATION_LEVEL = "-O";
				VALIDATE_PRODUCT = YES;
			};
			name = Release;
		};
		EF5A32452E2E883400827D9B /* Debug */ = {
			isa = XCBuildConfiguration;
			buildSettings = {
				ASSETCATALOG_COMPILER_APPICON_NAME = AppIcon;
				ASSETCATALOG_COMPILER_GLOBAL_ACCENT_COLOR_NAME = AccentColor;
				CODE_SIGN_STYLE = Automatic;
				CURRENT_PROJECT_VERSION = 1;
				GENERATE_INFOPLIST_FILE = YES;
				INFOPLIST_FILE = Move/Info.plist;
				INFOPLIST_KEY_UIApplicationSupportsIndirectInputEvents = YES;
				INFOPLIST_KEY_UILaunchStoryboardName = LaunchScreen;
				INFOPLIST_KEY_UIMainStoryboardFile = Main;
				INFOPLIST_KEY_UISupportedInterfaceOrientations_iPad = "UIInterfaceOrientationPortrait UIInterfaceOrientationPortraitUpsideDown UIInterfaceOrientationLandscapeLeft UIInterfaceOrientationLandscapeRight";
				INFOPLIST_KEY_UISupportedInterfaceOrientations_iPhone = "UIInterfaceOrientationPortrait UIInterfaceOrientationLandscapeLeft UIInterfaceOrientationLandscapeRight";
				LD_RUNPATH_SEARCH_PATHS = (
					"$(inherited)",
					"@executable_path/Frameworks",
				);
				MARKETING_VERSION = 1.0;
				PRODUCT_BUNDLE_IDENTIFIER = iti.Move;
				PRODUCT_NAME = "$(TARGET_NAME)";
				SWIFT_EMIT_LOC_STRINGS = YES;
				SWIFT_VERSION = 5.0;
				TARGETED_DEVICE_FAMILY = "1,2";
			};
			name = Debug;
		};
		EF5A32462E2E883400827D9B /* Release */ = {
			isa = XCBuildConfiguration;
			buildSettings = {
				ASSETCATALOG_COMPILER_APPICON_NAME = AppIcon;
				ASSETCATALOG_COMPILER_GLOBAL_ACCENT_COLOR_NAME = AccentColor;
				CODE_SIGN_STYLE = Automatic;
				CURRENT_PROJECT_VERSION = 1;
				GENERATE_INFOPLIST_FILE = YES;
				INFOPLIST_FILE = Move/Info.plist;
				INFOPLIST_KEY_UIApplicationSupportsIndirectInputEvents = YES;
				INFOPLIST_KEY_UILaunchStoryboardName = LaunchScreen;
				INFOPLIST_KEY_UIMainStoryboardFile = Main;
				INFOPLIST_KEY_UISupportedInterfaceOrientations_iPad = "UIInterfaceOrientationPortrait UIInterfaceOrientationPortraitUpsideDown UIInterfaceOrientationLandscapeLeft UIInterfaceOrientationLandscapeRight";
				INFOPLIST_KEY_UISupportedInterfaceOrientations_iPhone = "UIInterfaceOrientationPortrait UIInterfaceOrientationLandscapeLeft UIInterfaceOrientationLandscapeRight";
				LD_RUNPATH_SEARCH_PATHS = (
					"$(inherited)",
					"@executable_path/Frameworks",
				);
				MARKETING_VERSION = 1.0;
				PRODUCT_BUNDLE_IDENTIFIER = iti.Move;
				PRODUCT_NAME = "$(TARGET_NAME)";
				SWIFT_EMIT_LOC_STRINGS = YES;
				SWIFT_VERSION = 5.0;
				TARGETED_DEVICE_FAMILY = "1,2";
			};
			name = Release;
		};
		EF5A32482E2E883400827D9B /* Debug */ = {
			isa = XCBuildConfiguration;
			buildSettings = {
				ALWAYS_EMBED_SWIFT_STANDARD_LIBRARIES = YES;
				BUNDLE_LOADER = "$(TEST_HOST)";
				CODE_SIGN_STYLE = Automatic;
				CURRENT_PROJECT_VERSION = 1;
				GENERATE_INFOPLIST_FILE = YES;
				IPHONEOS_DEPLOYMENT_TARGET = 16.2;
				MARKETING_VERSION = 1.0;
				PRODUCT_BUNDLE_IDENTIFIER = iti.MoveTests;
				PRODUCT_NAME = "$(TARGET_NAME)";
				SWIFT_EMIT_LOC_STRINGS = NO;
				SWIFT_VERSION = 5.0;
				TARGETED_DEVICE_FAMILY = "1,2";
				TEST_HOST = "$(BUILT_PRODUCTS_DIR)/Move.app/$(BUNDLE_EXECUTABLE_FOLDER_PATH)/Move";
			};
			name = Debug;
		};
		EF5A32492E2E883400827D9B /* Release */ = {
			isa = XCBuildConfiguration;
			buildSettings = {
				ALWAYS_EMBED_SWIFT_STANDARD_LIBRARIES = YES;
				BUNDLE_LOADER = "$(TEST_HOST)";
				CODE_SIGN_STYLE = Automatic;
				CURRENT_PROJECT_VERSION = 1;
				GENERATE_INFOPLIST_FILE = YES;
				IPHONEOS_DEPLOYMENT_TARGET = 16.2;
				MARKETING_VERSION = 1.0;
				PRODUCT_BUNDLE_IDENTIFIER = iti.MoveTests;
				PRODUCT_NAME = "$(TARGET_NAME)";
				SWIFT_EMIT_LOC_STRINGS = NO;
				SWIFT_VERSION = 5.0;
				TARGETED_DEVICE_FAMILY = "1,2";
				TEST_HOST = "$(BUILT_PRODUCTS_DIR)/Move.app/$(BUNDLE_EXECUTABLE_FOLDER_PATH)/Move";
			};
			name = Release;
		};
		EF5A324B2E2E883400827D9B /* Debug */ = {
			isa = XCBuildConfiguration;
			buildSettings = {
				ALWAYS_EMBED_SWIFT_STANDARD_LIBRARIES = YES;
				CODE_SIGN_STYLE = Automatic;
				CURRENT_PROJECT_VERSION = 1;
				GENERATE_INFOPLIST_FILE = YES;
				MARKETING_VERSION = 1.0;
				PRODUCT_BUNDLE_IDENTIFIER = iti.MoveUITests;
				PRODUCT_NAME = "$(TARGET_NAME)";
				SWIFT_EMIT_LOC_STRINGS = NO;
				SWIFT_VERSION = 5.0;
				TARGETED_DEVICE_FAMILY = "1,2";
				TEST_TARGET_NAME = Move;
			};
			name = Debug;
		};
		EF5A324C2E2E883400827D9B /* Release */ = {
			isa = XCBuildConfiguration;
			buildSettings = {
				ALWAYS_EMBED_SWIFT_STANDARD_LIBRARIES = YES;
				CODE_SIGN_STYLE = Automatic;
				CURRENT_PROJECT_VERSION = 1;
				GENERATE_INFOPLIST_FILE = YES;
				MARKETING_VERSION = 1.0;
				PRODUCT_BUNDLE_IDENTIFIER = iti.MoveUITests;
				PRODUCT_NAME = "$(TARGET_NAME)";
				SWIFT_EMIT_LOC_STRINGS = NO;
				SWIFT_VERSION = 5.0;
				TARGETED_DEVICE_FAMILY = "1,2";
				TEST_TARGET_NAME = Move;
			};
			name = Release;
		};
/* End XCBuildConfiguration section */

/* Begin XCConfigurationList section */
		EF5A32122E2E883100827D9B /* Build configuration list for PBXProject "Move" */ = {
			isa = XCConfigurationList;
			buildConfigurations = (
				EF5A32422E2E883400827D9B /* Debug */,
				EF5A32432E2E883400827D9B /* Release */,
			);
			defaultConfigurationIsVisible = 0;
			defaultConfigurationName = Release;
		};
		EF5A32442E2E883400827D9B /* Build configuration list for PBXNativeTarget "Move" */ = {
			isa = XCConfigurationList;
			buildConfigurations = (
				EF5A32452E2E883400827D9B /* Debug */,
				EF5A32462E2E883400827D9B /* Release */,
			);
			defaultConfigurationIsVisible = 0;
			defaultConfigurationName = Release;
		};
		EF5A32472E2E883400827D9B /* Build configuration list for PBXNativeTarget "MoveTests" */ = {
			isa = XCConfigurationList;
			buildConfigurations = (
				EF5A32482E2E883400827D9B /* Debug */,
				EF5A32492E2E883400827D9B /* Release */,
			);
			defaultConfigurationIsVisible = 0;
			defaultConfigurationName = Release;
		};
		EF5A324A2E2E883400827D9B /* Build configuration list for PBXNativeTarget "MoveUITests" */ = {
			isa = XCConfigurationList;
			buildConfigurations = (
				EF5A324B2E2E883400827D9B /* Debug */,
				EF5A324C2E2E883400827D9B /* Release */,
			);
			defaultConfigurationIsVisible = 0;
			defaultConfigurationName = Release;
		};
/* End XCConfigurationList section */

/* Begin XCRemoteSwiftPackageReference section */
		EF5A32612E2E9A3600827D9B /* XCRemoteSwiftPackageReference "Kingfisher" */ = {
			isa = XCRemoteSwiftPackageReference;
			repositoryURL = "https://github.com/onevcat/Kingfisher.git";
			requirement = {
				kind = exactVersion;
				version = 7.10.2;
			};
		};
/* End XCRemoteSwiftPackageReference section */

/* Begin XCSwiftPackageProductDependency section */
		EF5A32622E2E9A3600827D9B /* Kingfisher */ = {
			isa = XCSwiftPackageProductDependency;
			package = EF5A32612E2E9A3600827D9B /* XCRemoteSwiftPackageReference "Kingfisher" */;
			productName = Kingfisher;
		};
/* End XCSwiftPackageProductDependency section */

/* Begin XCVersionGroup section */
		EF5A32232E2E883100827D9B /* Move.xcdatamodeld */ = {
			isa = XCVersionGroup;
			children = (
				EF5A32242E2E883100827D9B /* Move.xcdatamodel */,
			);
			currentVersion = EF5A32242E2E883100827D9B /* Move.xcdatamodel */;
			path = Move.xcdatamodeld;
			sourceTree = "<group>";
			versionGroupType = wrapper.xcdatamodel;
		};
/* End XCVersionGroup section */
	};
	rootObject = EF5A320F2E2E883100827D9B /* Project object */;
}
